<?xml version="1.0" encoding="utf-8"?>
<Project ToolsVersion="4.0" xmlns="http://schemas.microsoft.com/developer/msbuild/2003">
  <ItemGroup>
    <Filter Include="소스 파일">
      <UniqueIdentifier>{4FC737F1-C7A5-4376-A066-2A32D752A2FF}</UniqueIdentifier>
      <Extensions>cpp;c;cc;cxx;c++;cppm;ixx;def;odl;idl;hpj;bat;asm;asmx</Extensions>
    </Filter>
    <Filter Include="헤더 파일">
      <UniqueIdentifier>{93995380-89BD-4b04-88EB-625FBE52EBFB}</UniqueIdentifier>
      <Extensions>h;hh;hpp;hxx;h++;hm;inl;inc;ipp;xsd</Extensions>
    </Filter>
    <Filter Include="리소스 파일">
      <UniqueIdentifier>{67DA6AB6-F800-4c08-8B7A-83BB121AAD01}</UniqueIdentifier>
      <Extensions>rc;ico;cur;bmp;dlg;rc2;rct;bin;rgs;gif;jpg;jpeg;jpe;resx;tiff;tif;png;wav;mfcribbon-ms</Extensions>
    </Filter>
    <Filter Include="ChartCtrl">
      <UniqueIdentifier>{3618f534-3eb0-483a-9360-2dc56a318005}</UniqueIdentifier>
    </Filter>
  </ItemGroup>
  <ItemGroup>
    <ClInclude Include="FineDust.h">
      <Filter>헤더 파일</Filter>
    </ClInclude>
    <ClInclude Include="FineDustDlg.h">
      <Filter>헤더 파일</Filter>
    </ClInclude>
    <ClInclude Include="framework.h">
      <Filter>헤더 파일</Filter>
    </ClInclude>
    <ClInclude Include="targetver.h">
      <Filter>헤더 파일</Filter>
    </ClInclude>
    <ClInclude Include="Resource.h">
      <Filter>헤더 파일</Filter>
    </ClInclude>
    <ClInclude Include="pch.h">
      <Filter>헤더 파일</Filter>
    </ClInclude>
    <ClInclude Include="City.h">
      <Filter>헤더 파일</Filter>
    </ClInclude>
    <ClInclude Include="SubDlg1.h">
      <Filter>헤더 파일</Filter>
    </ClInclude>
    <ClInclude Include="SubDlg2.h">
      <Filter>헤더 파일</Filter>
    </ClInclude>
    <ClInclude Include="cidoSubDlg1.h">
      <Filter>헤더 파일</Filter>
    </ClInclude>
    <ClInclude Include="ChartCtrl_source_cord\ChartAxis.h">
      <Filter>ChartCtrl</Filter>
    </ClInclude>
    <ClInclude Include="ChartCtrl_source_cord\ChartAxisLabel.h">
      <Filter>ChartCtrl</Filter>
    </ClInclude>
    <ClInclude Include="ChartCtrl_source_cord\ChartBalloonLabel.h">
      <Filter>ChartCtrl</Filter>
    </ClInclude>
    <ClInclude Include="ChartCtrl_source_cord\ChartBarSerie.h">
      <Filter>ChartCtrl</Filter>
    </ClInclude>
    <ClInclude Include="ChartCtrl_source_cord\ChartCandlestickSerie.h">
      <Filter>ChartCtrl</Filter>
    </ClInclude>
    <ClInclude Include="ChartCtrl_source_cord\ChartCrossHairCursor.h">
      <Filter>ChartCtrl</Filter>
    </ClInclude>
    <ClInclude Include="ChartCtrl_source_cord\ChartCtrl.h">
      <Filter>ChartCtrl</Filter>
    </ClInclude>
    <ClInclude Include="ChartCtrl_source_cord\ChartCursor.h">
      <Filter>ChartCtrl</Filter>
    </ClInclude>
    <ClInclude Include="ChartCtrl_source_cord\ChartDateTimeAxis.h">
      <Filter>ChartCtrl</Filter>
    </ClInclude>
    <ClInclude Include="ChartCtrl_source_cord\ChartDragLineCursor.h">
      <Filter>ChartCtrl</Filter>
    </ClInclude>
    <ClInclude Include="ChartCtrl_source_cord\ChartFont.h">
      <Filter>ChartCtrl</Filter>
    </ClInclude>
    <ClInclude Include="ChartCtrl_source_cord\ChartGanttSerie.h">
      <Filter>ChartCtrl</Filter>
    </ClInclude>
    <ClInclude Include="ChartCtrl_source_cord\ChartGradient.h">
      <Filter>ChartCtrl</Filter>
    </ClInclude>
    <ClInclude Include="ChartCtrl_source_cord\ChartGrid.h">
      <Filter>ChartCtrl</Filter>
    </ClInclude>
    <ClInclude Include="ChartCtrl_source_cord\ChartLabel.h">
      <Filter>ChartCtrl</Filter>
    </ClInclude>
    <ClInclude Include="ChartCtrl_source_cord\ChartLegend.h">
      <Filter>ChartCtrl</Filter>
    </ClInclude>
    <ClInclude Include="ChartCtrl_source_cord\ChartLineSerie.h">
      <Filter>ChartCtrl</Filter>
    </ClInclude>
    <ClInclude Include="ChartCtrl_source_cord\ChartLogarithmicAxis.h">
      <Filter>ChartCtrl</Filter>
    </ClInclude>
    <ClInclude Include="ChartCtrl_source_cord\ChartMouseListener.h">
      <Filter>ChartCtrl</Filter>
    </ClInclude>
    <ClInclude Include="ChartCtrl_source_cord\ChartPointsArray.h">
      <Filter>ChartCtrl</Filter>
    </ClInclude>
    <ClInclude Include="ChartCtrl_source_cord\ChartPointsSerie.h">
      <Filter>ChartCtrl</Filter>
    </ClInclude>
    <ClInclude Include="ChartCtrl_source_cord\ChartScrollBar.h">
      <Filter>ChartCtrl</Filter>
    </ClInclude>
    <ClInclude Include="ChartCtrl_source_cord\ChartSerie.h">
      <Filter>ChartCtrl</Filter>
    </ClInclude>
    <ClInclude Include="ChartCtrl_source_cord\ChartSerieBase.h">
      <Filter>ChartCtrl</Filter>
    </ClInclude>
    <ClInclude Include="ChartCtrl_source_cord\ChartSeriesMouseListener.h">
      <Filter>ChartCtrl</Filter>
    </ClInclude>
    <ClInclude Include="ChartCtrl_source_cord\ChartStandardAxis.h">
      <Filter>ChartCtrl</Filter>
    </ClInclude>
    <ClInclude Include="ChartCtrl_source_cord\ChartString.h">
      <Filter>ChartCtrl</Filter>
    </ClInclude>
    <ClInclude Include="ChartCtrl_source_cord\ChartSurfaceSerie.h">
      <Filter>ChartCtrl</Filter>
    </ClInclude>
    <ClInclude Include="ChartCtrl_source_cord\ChartTitle.h">
      <Filter>ChartCtrl</Filter>
    </ClInclude>
    <ClInclude Include="ChartCtrl_source_cord\ChartXYSerie.h">
      <Filter>ChartCtrl</Filter>
    </ClInclude>
    <ClInclude Include="ChartCtrl_source_cord\PointsOrdering.h">
      <Filter>ChartCtrl</Filter>
    </ClInclude>
    <ClInclude Include="ChartViewer.h">
      <Filter>헤더 파일</Filter>
    </ClInclude>
    <ClInclude Include="chartdir.h">
      <Filter>헤더 파일</Filter>
    </ClInclude>
    <ClInclude Include="bchartdir.h">
      <Filter>헤더 파일</Filter>
    </ClInclude>
    <ClInclude Include="FinanceChart.h">
      <Filter>헤더 파일</Filter>
    </ClInclude>
  </ItemGroup>
  <ItemGroup>
    <ClCompile Include="FineDust.cpp">
      <Filter>소스 파일</Filter>
    </ClCompile>
    <ClCompile Include="FineDustDlg.cpp">
      <Filter>소스 파일</Filter>
    </ClCompile>
    <ClCompile Include="pch.cpp">
      <Filter>소스 파일</Filter>
    </ClCompile>
    <ClCompile Include="City.cpp">
      <Filter>소스 파일</Filter>
    </ClCompile>
    <ClCompile Include="SubDlg1.cpp">
      <Filter>소스 파일</Filter>
    </ClCompile>
    <ClCompile Include="SubDlg2.cpp">
      <Filter>소스 파일</Filter>
    </ClCompile>
    <ClCompile Include="cidoSubDlg1.cpp">
      <Filter>소스 파일</Filter>
    </ClCompile>
    <ClCompile Include="ChartCtrl_source_cord\ChartAxis.cpp">
      <Filter>ChartCtrl</Filter>
    </ClCompile>
    <ClCompile Include="ChartCtrl_source_cord\ChartAxisLabel.cpp">
      <Filter>ChartCtrl</Filter>
    </ClCompile>
    <ClCompile Include="ChartCtrl_source_cord\ChartBarSerie.cpp">
      <Filter>ChartCtrl</Filter>
    </ClCompile>
    <ClCompile Include="ChartCtrl_source_cord\ChartCandlestickSerie.cpp">
      <Filter>ChartCtrl</Filter>
    </ClCompile>
    <ClCompile Include="ChartCtrl_source_cord\ChartCrossHairCursor.cpp">
      <Filter>ChartCtrl</Filter>
    </ClCompile>
    <ClCompile Include="ChartCtrl_source_cord\ChartCtrl.cpp">
      <Filter>ChartCtrl</Filter>
    </ClCompile>
    <ClCompile Include="ChartCtrl_source_cord\ChartCursor.cpp">
      <Filter>ChartCtrl</Filter>
    </ClCompile>
    <ClCompile Include="ChartCtrl_source_cord\ChartDateTimeAxis.cpp">
      <Filter>ChartCtrl</Filter>
    </ClCompile>
    <ClCompile Include="ChartCtrl_source_cord\ChartDragLineCursor.cpp">
      <Filter>ChartCtrl</Filter>
    </ClCompile>
    <ClCompile Include="ChartCtrl_source_cord\ChartFont.cpp">
      <Filter>ChartCtrl</Filter>
    </ClCompile>
    <ClCompile Include="ChartCtrl_source_cord\ChartGanttSerie.cpp">
      <Filter>ChartCtrl</Filter>
    </ClCompile>
    <ClCompile Include="ChartCtrl_source_cord\ChartGradient.cpp">
      <Filter>ChartCtrl</Filter>
    </ClCompile>
    <ClCompile Include="ChartCtrl_source_cord\ChartGrid.cpp">
      <Filter>ChartCtrl</Filter>
    </ClCompile>
    <ClCompile Include="ChartCtrl_source_cord\ChartLegend.cpp">
      <Filter>ChartCtrl</Filter>
    </ClCompile>
    <ClCompile Include="ChartCtrl_source_cord\ChartLineSerie.cpp">
      <Filter>ChartCtrl</Filter>
    </ClCompile>
    <ClCompile Include="ChartCtrl_source_cord\ChartLogarithmicAxis.cpp">
      <Filter>ChartCtrl</Filter>
    </ClCompile>
    <ClCompile Include="ChartCtrl_source_cord\ChartPointsSerie.cpp">
      <Filter>ChartCtrl</Filter>
    </ClCompile>
    <ClCompile Include="ChartCtrl_source_cord\ChartScrollBar.cpp">
      <Filter>ChartCtrl</Filter>
    </ClCompile>
    <ClCompile Include="ChartCtrl_source_cord\ChartSerie.cpp">
      <Filter>ChartCtrl</Filter>
    </ClCompile>
    <ClCompile Include="ChartCtrl_source_cord\ChartStandardAxis.cpp">
      <Filter>ChartCtrl</Filter>
    </ClCompile>
    <ClCompile Include="ChartCtrl_source_cord\ChartSurfaceSerie.cpp">
      <Filter>ChartCtrl</Filter>
    </ClCompile>
    <ClCompile Include="ChartCtrl_source_cord\ChartTitle.cpp">
      <Filter>ChartCtrl</Filter>
    </ClCompile>
    <ClCompile Include="ChartCtrl_source_cord\ChartXYSerie.cpp">
      <Filter>ChartCtrl</Filter>
    </ClCompile>
    <ClCompile Include="ChartViewer.cpp">
      <Filter>소스 파일</Filter>
    </ClCompile>
  </ItemGroup>
  <ItemGroup>
    <ResourceCompile Include="FineDust.rc">
      <Filter>리소스 파일</Filter>
    </ResourceCompile>
  </ItemGroup>
  <ItemGroup>
    <None Include="res\FineDust.rc2">
      <Filter>리소스 파일</Filter>
    </None>
    <None Include="ChartCtrl_source_cord\ChartBalloonLabel.inl">
      <Filter>ChartCtrl</Filter>
    </None>
    <None Include="ChartCtrl_source_cord\ChartLabel.inl">
      <Filter>ChartCtrl</Filter>
    </None>
    <None Include="ChartCtrl_source_cord\ChartPointsArray.inl">
      <Filter>ChartCtrl</Filter>
    </None>
    <None Include="ChartCtrl_source_cord\ChartSerieBase.inl">
      <Filter>ChartCtrl</Filter>
    </None>
  </ItemGroup>
  <ItemGroup>
    <Image Include="res\FineDust.ico">
      <Filter>리소스 파일</Filter>
    </Image>
  </ItemGroup>
</Project>